# This file was autogenerated by Stack.
# You should not edit this file by hand.
# For more information, please see the documentation at:
#   https://docs.haskellstack.org/en/stable/lock_files

packages:
- completed:
    hackage: hasql-th-0.4.0.9@sha256:56515d8d08d4c68e36899a46624ecd1505608cf6b4c24b5c33aee54bc76e6275,2245
    pantry-tree:
      size: 864
      sha256: 0c895bf03caf2c77e8a314bcd08dae41fe0eaadbcaf9ce92de9b1538067f3347
  original:
    hackage: hasql-th-0.4.0.9@sha256:56515d8d08d4c68e36899a46624ecd1505608cf6b4c24b5c33aee54bc76e6275,2245
- completed:
    hackage: headed-megaparsec-0.2.0.1@sha256:4bb2f1e68d2972e6b40ede202708c81b2e2fe83c454e439f27f47d1fdf7c8697,1571
    pantry-tree:
      size: 383
      sha256: 9c5bb405d2b708e128b1206b09f86aeed9b9a6689c6391e66d39dcfa0924638d
  original:
    hackage: headed-megaparsec-0.2.0.1@sha256:4bb2f1e68d2972e6b40ede202708c81b2e2fe83c454e439f27f47d1fdf7c8697,1571
- completed:
    hackage: lucid-htmx-0.1.0.0@sha256:c861a5d9177fe4cee9f794b5e708ae0dc082899837323f068991e1243cd31744,1525
    pantry-tree:
      size: 497
      sha256: afd10581e076737adf25bb03fd01d7952727db25d4bbb55665f1c7ccb462f8d1
  original:
    hackage: lucid-htmx-0.1.0.0@sha256:c861a5d9177fe4cee9f794b5e708ae0dc082899837323f068991e1243cd31744,1525
- completed:
    hackage: postgresql-syntax-0.4@sha256:df8b65a33f4088eddad25cedbec814e5f34f8e8ae55065139b73bd6da0d66f21,4176
    pantry-tree:
      size: 1227
      sha256: 1942e3259b02a2546bf1fc6fe7f956cbcce724f29c3feea8698ab90a465e499a
  original:
    hackage: postgresql-syntax-0.4@sha256:df8b65a33f4088eddad25cedbec814e5f34f8e8ae55065139b73bd6da0d66f21,4176
- completed:
    hackage: servant-lucid-0.9.0.2@sha256:693278d574dba7313e931200118424762c02682bbc654e8866be4e6d1c73d816,1803
    pantry-tree:
      size: 392
      sha256: c5635bc53887b81087c3430341790d45cd4063340a0baa62bedd2e77ed4aa84d
  original:
    hackage: servant-lucid-0.9.0.2@sha256:693278d574dba7313e931200118424762c02682bbc654e8866be4e6d1c73d816,1803
snapshots:
- completed:
    size: 586069
    url: https://raw.githubusercontent.com/commercialhaskell/stackage-snapshots/master/lts/18/14.yaml
    sha256: 87842ecbaa8ca9cee59a7e6be52369dbed82ed075cb4e0d152614a627e8fd488
  original:
    url: https://raw.githubusercontent.com/commercialhaskell/stackage-snapshots/master/lts/18/14.yaml
